
Microsoft Visual Studio Solution File, Format Version 12.00
# Visual Studio Version 17
VisualStudioVersion = 17.6.33723.286
MinimumVisualStudioVersion = 10.0.40219.1
Project("{8BC9CEB8-8B4A-11D0-8D11-00A0C91BC942}") = "Apu", "Apu\Apu.vcxproj", "{63AD0542-D00E-4D32-B2E6-D15B3B3CCC23}"
EndProject
Global
	GlobalSection(SolutionConfigurationPlatforms) = preSolution
		Debug|x64 = Debug|x64
		Debug|x86 = Debug|x86
		Release|x64 = Release|x64
		Release|x86 = Release|x86
	EndGlobalSection
	GlobalSection(ProjectConfigurationPlatforms) = postSolution
		{63AD0542-D00E-4D32-B2E6-D15B3B3CCC23}.Debug|x64.ActiveCfg = Debug|x64
		{63AD0542-D00E-4D32-B2E6-D15B3B3CCC23}.Debug|x64.Build.0 = Debug|x64
		{63AD0542-D00E-4D32-B2E6-D15B3B3CCC23}.Debug|x86.ActiveCfg = Debug|Win32
		{63AD0542-D00E-4D32-B2E6-D15B3B3CCC23}.Debug|x86.Build.0 = Debug|Win32
		{63AD0542-D00E-4D32-B2E6-D15B3B3CCC23}.Release|x64.ActiveCfg = Release|x64
		{63AD0542-D00E-4D32-B2E6-D15B3B3CCC23}.Release|x64.Build.0 = Release|x64
		{63AD0542-D00E-4D32-B2E6-D15B3B3CCC23}.Release|x86.ActiveCfg = Release|Win32
		{63AD0542-D00E-4D32-B2E6-D15B3B3CCC23}.Release|x86.Build.0 = Release|Win32
	EndGlobalSection
	GlobalSection(SolutionProperties) = preSolution
		HideSolutionNode = FALSE
	EndGlobalSection
	GlobalSection(ExtensibilityGlobals) = postSolution
		SolutionGuid = {8CDB4A5D-6F16-4364-916D-1BCB6F56445A}
	EndGlobalSection
EndGlobal
